// !$*UTF8*$!
{
	archiveVersion = 1;
	classes = {
	};
	objectVersion = 50;
	objects = {

/* Begin PBXBuildFile section */
		161A1DA724D617EF00C92345 /* AppDelegate.swift in Sources */ = {isa = PBXBuildFile; fileRef = 161A1DA624D617EF00C92345 /* AppDelegate.swift */; };
		161A1DA924D617EF00C92345 /* SceneDelegate.swift in Sources */ = {isa = PBXBuildFile; fileRef = 161A1DA824D617EF00C92345 /* SceneDelegate.swift */; };
		161A1DAB24D617EF00C92345 /* ViewController.swift in Sources */ = {isa = PBXBuildFile; fileRef = 161A1DAA24D617EF00C92345 /* ViewController.swift */; };
		161A1DAE24D617EF00C92345 /* Main.storyboard in Resources */ = {isa = PBXBuildFile; fileRef = 161A1DAC24D617EF00C92345 /* Main.storyboard */; };
		161A1DB024D617F600C92345 /* Assets.xcassets in Resources */ = {isa = PBXBuildFile; fileRef = 161A1DAF24D617F600C92345 /* Assets.xcassets */; };
		161A1DB324D617F600C92345 /* LaunchScreen.storyboard in Resources */ = {isa = PBXBuildFile; fileRef = 161A1DB124D617F600C92345 /* LaunchScreen.storyboard */; };
		161A1DBE24D617F600C92345 /* tipTests.swift in Sources */ = {isa = PBXBuildFile; fileRef = 161A1DBD24D617F600C92345 /* tipTests.swift */; };
		161A1DC924D617F600C92345 /* tipUITests.swift in Sources */ = {isa = PBXBuildFile; fileRef = 161A1DC824D617F600C92345 /* tipUITests.swift */; };
/* End PBXBuildFile section */

/* Begin PBXContainerItemProxy section */
		161A1DBA24D617F600C92345 /* PBXContainerItemProxy */ = {
			isa = PBXContainerItemProxy;
			containerPortal = 161A1D9B24D617EF00C92345 /* Project object */;
			proxyType = 1;
			remoteGlobalIDString = 161A1DA224D617EF00C92345;
			remoteInfo = tip;
		};
		161A1DC524D617F600C92345 /* PBXContainerItemProxy */ = {
			isa = PBXContainerItemProxy;
			containerPortal = 161A1D9B24D617EF00C92345 /* Project object */;
			proxyType = 1;
			remoteGlobalIDString = 161A1DA224D617EF00C92345;
			remoteInfo = tip;
		};
/* End PBXContainerItemProxy section */

/* Begin PBXFileReference section */
		161A1DA324D617EF00C92345 /* tip.app */ = {isa = PBXFileReference; explicitFileType = wrapper.application; includeInIndex = 0; path = tip.app; sourceTree = BUILT_PRODUCTS_DIR; };
		161A1DA624D617EF00C92345 /* AppDelegate.swift */ = {isa = PBXFileReference; lastKnownFileType = sourcecode.swift; path = AppDelegate.swift; sourceTree = "<group>"; };
		161A1DA824D617EF00C92345 /* SceneDelegate.swift */ = {isa = PBXFileReference; lastKnownFileType = sourcecode.swift; path = SceneDelegate.swift; sourceTree = "<group>"; };
		161A1DAA24D617EF00C92345 /* ViewController.swift */ = {isa = PBXFileReference; lastKnownFileType = sourcecode.swift; path = ViewController.swift; sourceTree = "<group>"; };
		161A1DAD24D617EF00C92345 /* Base */ = {isa = PBXFileReference; lastKnownFileType = file.storyboard; name = Base; path = Base.lproj/Main.storyboard; sourceTree = "<group>"; };
		161A1DAF24D617F600C92345 /* Assets.xcassets */ = {isa = PBXFileReference; lastKnownFileType = folder.assetcatalog; path = Assets.xcassets; sourceTree = "<group>"; };
		161A1DB224D617F600C92345 /* Base */ = {isa = PBXFileReference; lastKnownFileType = file.storyboard; name = Base; path = Base.lproj/LaunchScreen.storyboard; sourceTree = "<group>"; };
		161A1DB424D617F600C92345 /* Info.plist */ = {isa = PBXFileReference; lastKnownFileType = text.plist.xml; path = Info.plist; sourceTree = "<group>"; };
		161A1DB924D617F600C92345 /* tipTests.xctest */ = {isa = PBXFileReference; explicitFileType = wrapper.cfbundle; includeInIndex = 0; path = tipTests.xctest; sourceTree = BUILT_PRODUCTS_DIR; };
		161A1DBD24D617F600C92345 /* tipTests.swift */ = {isa = PBXFileReference; lastKnownFileType = sourcecode.swift; path = tipTests.swift; sourceTree = "<group>"; };
		161A1DBF24D617F600C92345 /* Info.plist */ = {isa = PBXFileReference; lastKnownFileType = text.plist.xml; path = Info.plist; sourceTree = "<group>"; };
		161A1DC424D617F600C92345 /* tipUITests.xctest */ = {isa = PBXFileReference; explicitFileType = wrapper.cfbundle; includeInIndex = 0; path = tipUITests.xctest; sourceTree = BUILT_PRODUCTS_DIR; };
		161A1DC824D617F600C92345 /* tipUITests.swift */ = {isa = PBXFileReference; lastKnownFileType = sourcecode.swift; path = tipUITests.swift; sourceTree = "<group>"; };
		161A1DCA24D617F600C92345 /* Info.plist */ = {isa = PBXFileReference; lastKnownFileType = text.plist.xml; path = Info.plist; sourceTree = "<group>"; };
/* End PBXFileReference section */

/* Begin PBXFrameworksBuildPhase section */
		161A1DA024D617EF00C92345 /* Frameworks */ = {
			isa = PBXFrameworksBuildPhase;
			buildActionMask = 2147483647;
			files = (
			);
			runOnlyForDeploymentPostprocessing = 0;
		};
		161A1DB624D617F600C92345 /* Frameworks */ = {
			isa = PBXFrameworksBuildPhase;
			buildActionMask = 2147483647;
			files = (
			);
			runOnlyForDeploymentPostprocessing = 0;
		};
		161A1DC124D617F600C92345 /* Frameworks */ = {
			isa = PBXFrameworksBuildPhase;
			buildActionMask = 2147483647;
			files = (
			);
			runOnlyForDeploymentPostprocessing = 0;
		};
/* End PBXFrameworksBuildPhase section */

/* Begin PBXGroup section */
		161A1D9A24D617EF00C92345 = {
			isa = PBXGroup;
			children = (
				161A1DA524D617EF00C92345 /* tip */,
				161A1DBC24D617F600C92345 /* tipTests */,
				161A1DC724D617F600C92345 /* tipUITests */,
				161A1DA424D617EF00C92345 /* Products */,
			);
			sourceTree = "<group>";
		};
		161A1DA424D617EF00C92345 /* Products */ = {
			isa = PBXGroup;
			children = (
				161A1DA324D617EF00C92345 /* tip.app */,
				161A1DB924D617F600C92345 /* tipTests.xctest */,
				161A1DC424D617F600C92345 /* tipUITests.xctest */,
			);
			name = Products;
			sourceTree = "<group>";
		};
		161A1DA524D617EF00C92345 /* tip */ = {
			isa = PBXGroup;
			children = (
				161A1DA624D617EF00C92345 /* AppDelegate.swift */,
				161A1DA824D617EF00C92345 /* SceneDelegate.swift */,
				161A1DAA24D617EF00C92345 /* ViewController.swift */,
				161A1DAC24D617EF00C92345 /* Main.storyboard */,
				161A1DAF24D617F600C92345 /* Assets.xcassets */,
				161A1DB124D617F600C92345 /* LaunchScreen.storyboard */,
				161A1DB424D617F600C92345 /* Info.plist */,
			);
			path = tip;
			sourceTree = "<group>";
		};
		161A1DBC24D617F600C92345 /* tipTests */ = {
			isa = PBXGroup;
			children = (
				161A1DBD24D617F600C92345 /* tipTests.swift */,
				161A1DBF24D617F600C92345 /* Info.plist */,
			);
			path = tipTests;
			sourceTree = "<group>";
		};
		161A1DC724D617F600C92345 /* tipUITests */ = {
			isa = PBXGroup;
			children = (
				161A1DC824D617F600C92345 /* tipUITests.swift */,
				161A1DCA24D617F600C92345 /* Info.plist */,
			);
			path = tipUITests;
			sourceTree = "<group>";
		};
/* End PBXGroup section */

/* Begin PBXNativeTarget section */
		161A1DA224D617EF00C92345 /* tip */ = {
			isa = PBXNativeTarget;
			buildConfigurationList = 161A1DCD24D617F600C92345 /* Build configuration list for PBXNativeTarget "tip" */;
			buildPhases = (
				161A1D9F24D617EF00C92345 /* Sources */,
				161A1DA024D617EF00C92345 /* Frameworks */,
				161A1DA124D617EF00C92345 /* Resources */,
			);
			buildRules = (
			);
			dependencies = (
			);
			name = tip;
			productName = tip;
			productReference = 161A1DA324D617EF00C92345 /* tip.app */;
			productType = "com.apple.product-type.application";
		};
		161A1DB824D617F600C92345 /* tipTests */ = {
			isa = PBXNativeTarget;
			buildConfigurationList = 161A1DD024D617F600C92345 /* Build configuration list for PBXNativeTarget "tipTests" */;
			buildPhases = (
				161A1DB524D617F600C92345 /* Sources */,
				161A1DB624D617F600C92345 /* Frameworks */,
				161A1DB724D617F600C92345 /* Resources */,
			);
			buildRules = (
			);
			dependencies = (
				161A1DBB24D617F600C92345 /* PBXTargetDependency */,
			);
			name = tipTests;
			productName = tipTests;
			productReference = 161A1DB924D617F600C92345 /* tipTests.xctest */;
			productType = "com.apple.product-type.bundle.unit-test";
		};
		161A1DC324D617F600C92345 /* tipUITests */ = {
			isa = PBXNativeTarget;
			buildConfigurationList = 161A1DD324D617F600C92345 /* Build configuration list for PBXNativeTarget "tipUITests" */;
			buildPhases = (
				161A1DC024D617F600C92345 /* Sources */,
				161A1DC124D617F600C92345 /* Frameworks */,
				161A1DC224D617F600C92345 /* Resources */,
			);
			buildRules = (
			);
			dependencies = (
				161A1DC624D617F600C92345 /* PBXTargetDependency */,
			);
			name = tipUITests;
			productName = tipUITests;
			productReference = 161A1DC424D617F600C92345 /* tipUITests.xctest */;
			productType = "com.apple.product-type.bundle.ui-testing";
		};
/* End PBXNativeTarget section */

/* Begin PBXProject section */
		161A1D9B24D617EF00C92345 /* Project object */ = {
			isa = PBXProject;
			attributes = {
				LastSwiftUpdateCheck = 1150;
				LastUpgradeCheck = 1150;
				ORGANIZATIONNAME = Codepath;
				TargetAttributes = {
					161A1DA224D617EF00C92345 = {
						CreatedOnToolsVersion = 11.5;
					};
					161A1DB824D617F600C92345 = {
						CreatedOnToolsVersion = 11.5;
						TestTargetID = 161A1DA224D617EF00C92345;
					};
					161A1DC324D617F600C92345 = {
						CreatedOnToolsVersion = 11.5;
						TestTargetID = 161A1DA224D617EF00C92345;
					};
				};
			};
			buildConfigurationList = 161A1D9E24D617EF00C92345 /* Build configuration list for PBXProject "tip" */;
			compatibilityVersion = "Xcode 9.3";
			developmentRegion = en;
			hasScannedForEncodings = 0;
			knownRegions = (
				en,
				Base,
			);
			mainGroup = 161A1D9A24D617EF00C92345;
			productRefGroup = 161A1DA424D617EF00C92345 /* Products */;
			projectDirPath = "";
			projectRoot = "";
			targets = (
				161A1DA224D617EF00C92345 /* tip */,
				161A1DB824D617F600C92345 /* tipTests */,
				161A1DC324D617F600C92345 /* tipUITests */,
			);
		};
/* End PBXProject section */

/* Begin PBXResourcesBuildPhase section */
		161A1DA124D617EF00C92345 /* Resources */ = {
			isa = PBXResourcesBuildPhase;
			buildActionMask = 2147483647;
			files = (
				161A1DB324D617F600C92345 /* LaunchScreen.storyboard in Resources */,
				161A1DB024D617F600C92345 /* Assets.xcassets in Resources */,
				161A1DAE24D617EF00C92345 /* Main.storyboard in Resources */,
			);
			runOnlyForDeploymentPostprocessing = 0;
		};
		161A1DB724D617F600C92345 /* Resources */ = {
			isa = PBXResourcesBuildPhase;
			buildActionMask = 2147483647;
			files = (
			);
			runOnlyForDeploymentPostprocessing = 0;
		};
		161A1DC224D617F600C92345 /* Resources */ = {
			isa = PBXResourcesBuildPhase;
			buildActionMask = 2147483647;
			files = (
			);
			runOnlyForDeploymentPostprocessing = 0;
		};
/* End PBXResourcesBuildPhase section */

/* Begin PBXSourcesBuildPhase section */
		161A1D9F24D617EF00C92345 /* Sources */ = {
			isa = PBXSourcesBuildPhase;
			buildActionMask = 2147483647;
			files = (
				161A1DAB24D617EF00C92345 /* ViewController.swift in Sources */,
				161A1DA724D617EF00C92345 /* AppDelegate.swift in Sources */,
				161A1DA924D617EF00C92345 /* SceneDelegate.swift in Sources */,
			);
			runOnlyForDeploymentPostprocessing = 0;
		};
		161A1DB524D617F600C92345 /* Sources */ = {
			isa = PBXSourcesBuildPhase;
			buildActionMask = 2147483647;
			files = (
				161A1DBE24D617F600C92345 /* tipTests.swift in Sources */,
			);
			runOnlyForDeploymentPostprocessing = 0;
		};
		161A1DC024D617F600C92345 /* Sources */ = {
			isa = PBXSourcesBuildPhase;
			buildActionMask = 2147483647;
			files = (
				161A1DC924D617F600C92345 /* tipUITests.swift in Sources */,
			);
			runOnlyForDeploymentPostprocessing = 0;
		};
/* End PBXSourcesBuildPhase section */

/* Begin PBXTargetDependency section */
		161A1DBB24D617F600C92345 /* PBXTargetDependency */ = {
			isa = PBXTargetDependency;
			target = 161A1DA224D617EF00C92345 /* tip */;
			targetProxy = 161A1DBA24D617F600C92345 /* PBXContainerItemProxy */;
		};
		161A1DC624D617F600C92345 /* PBXTargetDependency */ = {
			isa = PBXTargetDependency;
			target = 161A1DA224D617EF00C92345 /* tip */;
			targetProxy = 161A1DC524D617F600C92345 /* PBXContainerItemProxy */;
		};
/* End PBXTargetDependency section */

/* Begin PBXVariantGroup section */
		161A1DAC24D617EF00C92345 /* Main.storyboard */ = {
			isa = PBXVariantGroup;
			children = (
				161A1DAD24D617EF00C92345 /* Base */,
			);
			name = Main.storyboard;
			sourceTree = "<group>";
		};
		161A1DB124D617F600C92345 /* LaunchScreen.storyboard */ = {
			isa = PBXVariantGroup;
			children = (
				161A1DB224D617F600C92345 /* Base */,
			);
			name = LaunchScreen.storyboard;
			sourceTree = "<group>";
		};
/* End PBXVariantGroup section */

/* Begin XCBuildConfiguration section */
		161A1DCB24D617F600C92345 /* Debug */ = {
			isa = XCBuildConfiguration;
			buildSettings = {
				ALWAYS_SEARCH_USER_PATHS = NO;
				CLANG_ANALYZER_NONNULL = YES;
				CLANG_ANALYZER_NUMBER_OBJECT_CONVERSION = YES_AGGRESSIVE;
				CLANG_CXX_LANGUAGE_STANDARD = "gnu++14";
				CLANG_CXX_LIBRARY = "libc++";
				CLANG_ENABLE_MODULES = YES;
				CLANG_ENABLE_OBJC_ARC = YES;
				CLANG_ENABLE_OBJC_WEAK = YES;
				CLANG_WARN_BLOCK_CAPTURE_AUTORELEASING = YES;
				CLANG_WARN_BOOL_CONVERSION = YES;
				CLANG_WARN_COMMA = YES;
				CLANG_WARN_CONSTANT_CONVERSION = YES;
				CLANG_WARN_DEPRECATED_OBJC_IMPLEMENTATIONS = YES;
				CLANG_WARN_DIRECT_OBJC_ISA_USAGE = YES_ERROR;
				CLANG_WARN_DOCUMENTATION_COMMENTS = YES;
				CLANG_WARN_EMPTY_BODY = YES;
				CLANG_WARN_ENUM_CONVERSION = YES;
				CLANG_WARN_INFINITE_RECURSION = YES;
				CLANG_WARN_INT_CONVERSION = YES;
				CLANG_WARN_NON_LITERAL_NULL_CONVERSION = YES;
				CLANG_WARN_OBJC_IMPLICIT_RETAIN_SELF = YES;
				CLANG_WARN_OBJC_LITERAL_CONVERSION = YES;
				CLANG_WARN_OBJC_ROOT_CLASS = YES_ERROR;
				CLANG_WARN_RANGE_LOOP_ANALYSIS = YES;
				CLANG_WARN_STRICT_PROTOTYPES = YES;
				CLANG_WARN_SUSPICIOUS_MOVE = YES;
				CLANG_WARN_UNGUARDED_AVAILABILITY = YES_AGGRESSIVE;
				CLANG_WARN_UNREACHABLE_CODE = YES;
				CLANG_WARN__DUPLICATE_METHOD_MATCH = YES;
				COPY_PHASE_STRIP = NO;
				DEBUG_INFORMATION_FORMAT = dwarf;
				ENABLE_STRICT_OBJC_MSGSEND = YES;
				ENABLE_TESTABILITY = YES;
				GCC_C_LANGUAGE_STANDARD = gnu11;
				GCC_DYNAMIC_NO_PIC = NO;
				GCC_NO_COMMON_BLOCKS = YES;
				GCC_OPTIMIZATION_LEVEL = 0;
				GCC_PREPROCESSOR_DEFINITIONS = (
					"DEBUG=1",
					"$(inherited)",
				);
				GCC_WARN_64_TO_32_BIT_CONVERSION = YES;
				GCC_WARN_ABOUT_RETURN_TYPE = YES_ERROR;
				GCC_WARN_UNDECLARED_SELECTOR = YES;
				GCC_WARN_UNINITIALIZED_AUTOS = YES_AGGRESSIVE;
				GCC_WARN_UNUSED_FUNCTION = YES;
				GCC_WARN_UNUSED_VARIABLE = YES;
				IPHONEOS_DEPLOYMENT_TARGET = 13.5;
				MTL_ENABLE_DEBUG_INFO = INCLUDE_SOURCE;
				MTL_FAST_MATH = YES;
				ONLY_ACTIVE_ARCH = YES;
				SDKROOT = iphoneos;
				SWIFT_ACTIVE_COMPILATION_CONDITIONS = DEBUG;
				SWIFT_OPTIMIZATION_LEVEL = "-Onone";
			};
			name = Debug;
		};
		161A1DCC24D617F600C92345 /* Release */ = {
			isa = XCBuildConfiguration;
			buildSettings = {
				ALWAYS_SEARCH_USER_PATHS = NO;
				CLANG_ANALYZER_NONNULL = YES;
				CLANG_ANALYZER_NUMBER_OBJECT_CONVERSION = YES_AGGRESSIVE;
				CLANG_CXX_LANGUAGE_STANDARD = "gnu++14";
				CLANG_CXX_LIBRARY = "libc++";
				CLANG_ENABLE_MODULES = YES;
				CLANG_ENABLE_OBJC_ARC = YES;
				CLANG_ENABLE_OBJC_WEAK = YES;
				CLANG_WARN_BLOCK_CAPTURE_AUTORELEASING = YES;
				CLANG_WARN_BOOL_CONVERSION = YES;
				CLANG_WARN_COMMA = YES;
				CLANG_WARN_CONSTANT_CONVERSION = YES;
				CLANG_WARN_DEPRECATED_OBJC_IMPLEMENTATIONS = YES;
				CLANG_WARN_DIRECT_OBJC_ISA_USAGE = YES_ERROR;
				CLANG_WARN_DOCUMENTATION_COMMENTS = YES;
				CLANG_WARN_EMPTY_BODY = YES;
				CLANG_WARN_ENUM_CONVERSION = YES;
				CLANG_WARN_INFINITE_RECURSION = YES;
				CLANG_WARN_INT_CONVERSION = YES;
				CLANG_WARN_NON_LITERAL_NULL_CONVERSION = YES;
				CLANG_WARN_OBJC_IMPLICIT_RETAIN_SELF = YES;
				CLANG_WARN_OBJC_LITERAL_CONVERSION = YES;
				CLANG_WARN_OBJC_ROOT_CLASS = YES_ERROR;
				CLANG_WARN_RANGE_LOOP_ANALYSIS = YES;
				CLANG_WARN_STRICT_PROTOTYPES = YES;
				CLANG_WARN_SUSPICIOUS_MOVE = YES;
				CLANG_WARN_UNGUARDED_AVAILABILITY = YES_AGGRESSIVE;
				CLANG_WARN_UNREACHABLE_CODE = YES;
				CLANG_WARN__DUPLICATE_METHOD_MATCH = YES;
				COPY_PHASE_STRIP = NO;
				DEBUG_INFORMATION_FORMAT = "dwarf-with-dsym";
				ENABLE_NS_ASSERTIONS = NO;
				ENABLE_STRICT_OBJC_MSGSEND = YES;
				GCC_C_LANGUAGE_STANDARD = gnu11;
				GCC_NO_COMMON_BLOCKS = YES;
				GCC_WARN_64_TO_32_BIT_CONVERSION = YES;
				GCC_WARN_ABOUT_RETURN_TYPE = YES_ERROR;
				GCC_WARN_UNDECLARED_SELECTOR = YES;
				GCC_WARN_UNINITIALIZED_AUTOS = YES_AGGRESSIVE;
				GCC_WARN_UNUSED_FUNCTION = YES;
				GCC_WARN_UNUSED_VARIABLE = YES;
				IPHONEOS_DEPLOYMENT_TARGET = 13.5;
				MTL_ENABLE_DEBUG_INFO = NO;
				MTL_FAST_MATH = YES;
				SDKROOT = iphoneos;
				SWIFT_COMPILATION_MODE = wholemodule;
				SWIFT_OPTIMIZATION_LEVEL = "-O";
				VALIDATE_PRODUCT = YES;
			};
			name = Release;
		};
		161A1DCE24D617F600C92345 /* Debug */ = {
			isa = XCBuildConfiguration;
			buildSettings = {
				ASSETCATALOG_COMPILER_APPICON_NAME = AppIcon;
				CODE_SIGN_STYLE = Automatic;
				INFOPLIST_FILE = tip/Info.plist;
				LD_RUNPATH_SEARCH_PATHS = (
					"$(inherited)",
					"@executable_path/Frameworks",
				);
				PRODUCT_BUNDLE_IDENTIFIER = "Jashan-Codepath.tip";
				PRODUCT_NAME = "$(TARGET_NAME)";
				SWIFT_VERSION = 5.0;
				TARGETED_DEVICE_FAMILY = "1,2";
			};
			name = Debug;
		};
		161A1DCF24D617F600C92345 /* Release */ = {
			isa = XCBuildConfiguration;
			buildSettings = {
				ASSETCATALOG_COMPILER_APPICON_NAME = AppIcon;
				CODE_SIGN_STYLE = Automatic;
				INFOPLIST_FILE = tip/Info.plist;
				LD_RUNPATH_SEARCH_PATHS = (
					"$(inherited)",
					"@executable_path/Frameworks",
				);
				PRODUCT_BUNDLE_IDENTIFIER = "Jashan-Codepath.tip";
				PRODUCT_NAME = "$(TARGET_NAME)";
				SWIFT_VERSION = 5.0;
				TARGETED_DEVICE_FAMILY = "1,2";
			};
			name = Release;
		};
		161A1DD124D617F600C92345 /* Debug */ = {
			isa = XCBuildConfiguration;
			buildSettings = {
				ALWAYS_EMBED_SWIFT_STANDARD_LIBRARIES = YES;
				BUNDLE_LOADER = "$(TEST_HOST)";
				CODE_SIGN_STYLE = Automatic;
				INFOPLIST_FILE = tipTests/Info.plist;
				IPHONEOS_DEPLOYMENT_TARGET = 13.5;
				LD_RUNPATH_SEARCH_PATHS = (
					"$(inherited)",
					"@executable_path/Frameworks",
					"@loader_path/Frameworks",
				);
				PRODUCT_BUNDLE_IDENTIFIER = "Jashan-Codepath.tipTests";
				PRODUCT_NAME = "$(TARGET_NAME)";
				SWIFT_VERSION = 5.0;
				TARGETED_DEVICE_FAMILY = "1,2";
				TEST_HOST = "$(BUILT_PRODUCTS_DIR)/tip.app/tip";
			};
			name = Debug;
		};
		161A1DD224D617F600C92345 /* Release */ = {
			isa = XCBuildConfiguration;
			buildSettings = {
				ALWAYS_EMBED_SWIFT_STANDARD_LIBRARIES = YES;
				BUNDLE_LOADER = "$(TEST_HOST)";
				CODE_SIGN_STYLE = Automatic;
				INFOPLIST_FILE = tipTests/Info.plist;
				IPHONEOS_DEPLOYMENT_TARGET = 13.5;
				LD_RUNPATH_SEARCH_PATHS = (
					"$(inherited)",
					"@executable_path/Frameworks",
					"@loader_path/Frameworks",
				);
				PRODUCT_BUNDLE_IDENTIFIER = "Jashan-Codepath.tipTests";
				PRODUCT_NAME = "$(TARGET_NAME)";
				SWIFT_VERSION = 5.0;
				TARGETED_DEVICE_FAMILY = "1,2";
				TEST_HOST = "$(BUILT_PRODUCTS_DIR)/tip.app/tip";
			};
			name = Release;
		};
		161A1DD424D617F600C92345 /* Debug */ = {
			isa = XCBuildConfiguration;
			buildSettings = {
				ALWAYS_EMBED_SWIFT_STANDARD_LIBRARIES = YES;
				CODE_SIGN_STYLE = Automatic;
				INFOPLIST_FILE = tipUITests/Info.plist;
				LD_RUNPATH_SEARCH_PATHS = (
					"$(inherited)",
					"@executable_path/Frameworks",
					"@loader_path/Frameworks",
				);
				PRODUCT_BUNDLE_IDENTIFIER = "Jashan-Codepath.tipUITests";
				PRODUCT_NAME = "$(TARGET_NAME)";
				SWIFT_VERSION = 5.0;
				TARGETED_DEVICE_FAMILY = "1,2";
				TEST_TARGET_NAME = tip;
			};
			name = Debug;
		};
		161A1DD524D617F600C92345 /* Release */ = {
			isa = XCBuildConfiguration;
			buildSettings = {
				ALWAYS_EMBED_SWIFT_STANDARD_LIBRARIES = YES;
				CODE_SIGN_STYLE = Automatic;
				INFOPLIST_FILE = tipUITests/Info.plist;
				LD_RUNPATH_SEARCH_PATHS = (
					"$(inherited)",
					"@executable_path/Frameworks",
					"@loader_path/Frameworks",
				);
				PRODUCT_BUNDLE_IDENTIFIER = "Jashan-Codepath.tipUITests";
				PRODUCT_NAME = "$(TARGET_NAME)";
				SWIFT_VERSION = 5.0;
				TARGETED_DEVICE_FAMILY = "1,2";
				TEST_TARGET_NAME = tip;
			};
			name = Release;
		};
/* End XCBuildConfiguration section */

/* Begin XCConfigurationList section */
		161A1D9E24D617EF00C92345 /* Build configuration list for PBXProject "tip" */ = {
			isa = XCConfigurationList;
			buildConfigurations = (
				161A1DCB24D617F600C92345 /* Debug */,
				161A1DCC24D617F600C92345 /* Release */,
			);
			defaultConfigurationIsVisible = 0;
			defaultConfigurationName = Release;
		};
		161A1DCD24D617F600C92345 /* Build configuration list for PBXNativeTarget "tip" */ = {
			isa = XCConfigurationList;
			buildConfigurations = (
				161A1DCE24D617F600C92345 /* Debug */,
				161A1DCF24D617F600C92345 /* Release */,
			);
			defaultConfigurationIsVisible = 0;
			defaultConfigurationName = Release;
		};
		161A1DD024D617F600C92345 /* Build configuration list for PBXNativeTarget "tipTests" */ = {
			isa = XCConfigurationList;
			buildConfigurations = (
				161A1DD124D617F600C92345 /* Debug */,
				161A1DD224D617F600C92345 /* Release */,
			);
			defaultConfigurationIsVisible = 0;
			defaultConfigurationName = Release;
		};
		161A1DD324D617F600C92345 /* Build configuration list for PBXNativeTarget "tipUITests" */ = {
			isa = XCConfigurationList;
			buildConfigurations = (
				161A1DD424D617F600C92345 /* Debug */,
				161A1DD524D617F600C92345 /* Release */,
			);
			defaultConfigurationIsVisible = 0;
			defaultConfigurationName = Release;
		};
/* End XCConfigurationList section */
	};
	rootObject = 161A1D9B24D617EF00C92345 /* Project object */;
}
